
Microsoft Visual Studio Solution File, Format Version 12.00
# Visual Studio 15
VisualStudioVersion = 15.0.27703.2042
MinimumVisualStudioVersion = 10.0.40219.1
Project("{FAE04EC0-301F-11D3-BF4B-00C04F79EFBC}") = "LibreryBar", "LibreryBar\LibreryBar.csproj", "{94492538-B97D-44E5-8948-655F0C0ABB9F}"
EndProject
Project("{54435603-DBB4-11D2-8724-00A0C9A8B90C}") = "LibraryNet Setup", "LibraryNet Setup\LibraryNet Setup.vdproj", "{9EDE7228-DAD1-418C-BCBC-082E93841AAD}"
EndProject
Project("{FAE04EC0-301F-11D3-BF4B-00C04F79EFBC}") = "ConsoleApp1", "ConsoleApp1\ConsoleApp1.csproj", "{2CFCBD92-82D3-452F-A943-635B220DD4A7}"
EndProject
Global
	GlobalSection(SolutionConfigurationPlatforms) = preSolution
		Debug|Any CPU = Debug|Any CPU
		Release|Any CPU = Release|Any CPU
	EndGlobalSection
	GlobalSection(ProjectConfigurationPlatforms) = postSolution
		{94492538-B97D-44E5-8948-655F0C0ABB9F}.Debug|Any CPU.ActiveCfg = Debug|Any CPU
		{94492538-B97D-44E5-8948-655F0C0ABB9F}.Debug|Any CPU.Build.0 = Debug|Any CPU
		{94492538-B97D-44E5-8948-655F0C0ABB9F}.Release|Any CPU.ActiveCfg = Release|Any CPU
		{94492538-B97D-44E5-8948-655F0C0ABB9F}.Release|Any CPU.Build.0 = Release|Any CPU
		{9EDE7228-DAD1-418C-BCBC-082E93841AAD}.Debug|Any CPU.ActiveCfg = Debug
		{9EDE7228-DAD1-418C-BCBC-082E93841AAD}.Release|Any CPU.ActiveCfg = Release
		{2CFCBD92-82D3-452F-A943-635B220DD4A7}.Debug|Any CPU.ActiveCfg = Debug|Any CPU
		{2CFCBD92-82D3-452F-A943-635B220DD4A7}.Release|Any CPU.ActiveCfg = Release|Any CPU
		{2CFCBD92-82D3-452F-A943-635B220DD4A7}.Release|Any CPU.Build.0 = Release|Any CPU
	EndGlobalSection
	GlobalSection(SolutionProperties) = preSolution
		HideSolutionNode = FALSE
	EndGlobalSection
	GlobalSection(ExtensibilityGlobals) = postSolution
		SolutionGuid = {9BF122E8-9D54-49D7-B54C-D0D974033745}
	EndGlobalSection
EndGlobal
